
Microsoft Visual Studio Solution File, Format Version 12.00
# Visual Studio 14
VisualStudioVersion = 14.0.25420.1
MinimumVisualStudioVersion = 10.0.40219.1
Project("{FAE04EC0-301F-11D3-BF4B-00C04F79EFBC}") = "servidor", "trabalho6\servidor.csproj", "{3C8BB39C-EF40-4319-97EE-0D4DC27DAA1F}"
EndProject
Project("{FAE04EC0-301F-11D3-BF4B-00C04F79EFBC}") = "comum", "ClassLibrary1\comum.csproj", "{87C1E581-3576-408F-A040-591AE041C3FD}"
EndProject
Project("{FAE04EC0-301F-11D3-BF4B-00C04F79EFBC}") = "cliente", "cliente\cliente.csproj", "{C60F952D-DA76-44C5-A882-A510C4B04998}"
EndProject
Global
	GlobalSection(SolutionConfigurationPlatforms) = preSolution
		Debug|Any CPU = Debug|Any CPU
		Release|Any CPU = Release|Any CPU
	EndGlobalSection
	GlobalSection(ProjectConfigurationPlatforms) = postSolution
		{3C8BB39C-EF40-4319-97EE-0D4DC27DAA1F}.Debug|Any CPU.ActiveCfg = Debug|Any CPU
		{3C8BB39C-EF40-4319-97EE-0D4DC27DAA1F}.Debug|Any CPU.Build.0 = Debug|Any CPU
		{3C8BB39C-EF40-4319-97EE-0D4DC27DAA1F}.Release|Any CPU.ActiveCfg = Release|Any CPU
		{3C8BB39C-EF40-4319-97EE-0D4DC27DAA1F}.Release|Any CPU.Build.0 = Release|Any CPU
		{87C1E581-3576-408F-A040-591AE041C3FD}.Debug|Any CPU.ActiveCfg = Debug|Any CPU
		{87C1E581-3576-408F-A040-591AE041C3FD}.Debug|Any CPU.Build.0 = Debug|Any CPU
		{87C1E581-3576-408F-A040-591AE041C3FD}.Release|Any CPU.ActiveCfg = Release|Any CPU
		{87C1E581-3576-408F-A040-591AE041C3FD}.Release|Any CPU.Build.0 = Release|Any CPU
		{C60F952D-DA76-44C5-A882-A510C4B04998}.Debug|Any CPU.ActiveCfg = Debug|Any CPU
		{C60F952D-DA76-44C5-A882-A510C4B04998}.Debug|Any CPU.Build.0 = Debug|Any CPU
		{C60F952D-DA76-44C5-A882-A510C4B04998}.Release|Any CPU.ActiveCfg = Release|Any CPU
		{C60F952D-DA76-44C5-A882-A510C4B04998}.Release|Any CPU.Build.0 = Release|Any CPU
	EndGlobalSection
	GlobalSection(SolutionProperties) = preSolution
		HideSolutionNode = FALSE
	EndGlobalSection
EndGlobal
